{
  "name": "plutot-que-scroller-promo",
  "version": "1.0.0",
  "lockfileVersion": 3,
  "requires": true,
  "packages": {
    "": {
      "name": "plutot-que-scroller-promo",
      "version": "1.0.0",
      "devDependencies": {
        "@fontsource-variable/bricolage-grotesque": "^5.3.0",
        "@fontsource-variable/nunito": "^5.3.0",
        "@fontsource-variable/outfit": "^5.3.0",
        "@fontsource-variable/rethink-sans": "^5.3.0",
        "@fontsource-variable/rubik": "^5.3.0",
        "@fontsource-variable/syne": "^5.3.0",
        "@fontsource/bangers": "^5.3.0",
        "playwright": "1.56.1"
      }
    },
    "node_modules/@fontsource-variable/bricolage-grotesque": {
      "version": "5.3.0",
      "resolved": "https://registry.npmjs.org/@fontsource-variable/bricolage-grotesque/-/bricolage-grotesque-5.3.0.tgz",
      "integrity": "sha512-TLi9Q4hJjS2UvoTMRSS2nHu6c4R56lAw60NR9QYtVRCHn0XtsFpiEhNffZ8Glsoxu6wEEwLKBP8lb94J52PNBA==",
      "dev": true,
      "license": "OFL-1.1",
      "funding": {
        "url": "https://github.com/sponsors/ayuhito"
      }
    },
    "node_modules/@fontsource-variable/nunito": {
      "version": "5.3.0",
      "resolved": "https://registry.npmjs.org/@fontsource-variable/nunito/-/nunito-5.3.0.tgz",
      "integrity": "sha512-tw0ch7evIDSwoeUy+0XzocYHfbRWLeCRPJy22KgbrLjDLAbNw/fErBiil10Ssrs3Sjr55zaZrr36a975j8cBkQ==",
      "dev": true,
      "license": "OFL-1.1",
      "funding": {
        "url": "https://github.com/sponsors/ayuhito"
      }
    },
    "node_modules/@fontsource-variable/outfit": {
      "version": "5.3.0",
      "resolved": "https://registry.npmjs.org/@fontsource-variable/outfit/-/outfit-5.3.0.tgz",
      "integrity": "sha512-fPb5XnYK0k7SbR++HEmm4+ZqDszmLKQ+sPRUr8oQ/KNC0vy6r6hazJFe8iYozv4cqlHbvJ/JECkJWrfDodUMVQ==",
      "dev": true,
      "license": "OFL-1.1",
      "funding": {
        "url": "https://github.com/sponsors/ayuhito"
      }
    },
    "node_modules/@fontsource-variable/rethink-sans": {
      "version": "5.3.0",
      "resolved": "https://registry.npmjs.org/@fontsource-variable/rethink-sans/-/rethink-sans-5.3.0.tgz",
      "integrity": "sha512-TxcGrNeylZZ3eL5WuNxvm1OLOMOrmYTRZcqMUoYhOfpcMgvE6PhssC6JGkPHhN93phU569RLD8cSykOjyHCuxg==",
      "dev": true,
      "license": "OFL-1.1",
      "funding": {
        "url": "https://github.com/sponsors/ayuhito"
      }
    },
    "node_modules/@fontsource-variable/rubik": {
      "version": "5.3.0",
      "resolved": "https://registry.npmjs.org/@fontsource-variable/rubik/-/rubik-5.3.0.tgz",
      "integrity": "sha512-yQUf8qle24MJYA+EuauyF+cqjjN6I715nGjitt3sGmwZA0XfA4fWJcLq1C/diREZl4Qzn1E80nLMc0ipC/a4Lg==",
      "dev": true,
      "license": "OFL-1.1",
      "funding": {
        "url": "https://github.com/sponsors/ayuhito"
      }
    },
    "node_modules/@fontsource-variable/syne": {
      "version": "5.3.0",
      "resolved": "https://registry.npmjs.org/@fontsource-variable/syne/-/syne-5.3.0.tgz",
      "integrity": "sha512-GUNH65fUfWHQcX7bO0BGgScE465gawpTId45aDfhHcVj/upbb6b+2d++5keKP128vK8+LtE4dvLkKTsxoh7TwA==",
      "dev": true,
      "license": "OFL-1.1",
      "funding": {
        "url": "https://github.com/sponsors/ayuhito"
      }
    },
    "node_modules/@fontsource/bangers": {
      "version": "5.3.0",
      "resolved": "https://registry.npmjs.org/@fontsource/bangers/-/bangers-5.3.0.tgz",
      "integrity": "sha512-tSRpmWwkqrO9PCqo9wjA/99/5sLOIWm5cf51G3ooEHd8qZus8sVSSJoWp/7EvM5rIgZMjKRG6XtY9yeisKxE7g==",
      "dev": true,
      "license": "OFL-1.1",
      "funding": {
        "url": "https://github.com/sponsors/ayuhito"
      }
    },
    "node_modules/fsevents": {
      "version": "2.3.2",
      "resolved": "https://registry.npmjs.org/fsevents/-/fsevents-2.3.2.tgz",
      "integrity": "sha512-xiqMQR4xAeHTuB9uWm+fFRcIOgKBMiOBP+eXiyT7jsgVCq1bkVygt00oASowB7EdtpOHaaPgKt812P9ab+DDKA==",
      "dev": true,
      "hasInstallScript": true,
      "license": "MIT",
      "optional": true,
      "os": [
        "darwin"
      ],
      "engines": {
        "node": "^8.16.0 || ^10.6.0 || >=11.0.0"
      }
    },
    "node_modules/playwright": {
      "version": "1.56.1",
      "resolved": "https://registry.npmjs.org/playwright/-/playwright-1.56.1.tgz",
      "integrity": "sha512-aFi5B0WovBHTEvpM3DzXTUaeN6eN0qWnTkKx4NQaH4Wvcmc153PdaY2UBdSYKaGYw+UyWXSVyxDUg5DoPEttjw==",
      "dev": true,
      "license": "Apache-2.0",
      "dependencies": {
        "playwright-core": "1.56.1"
      },
      "bin": {
        "playwright": "cli.js"
      },
      "engines": {
        "node": ">=18"
      },
      "optionalDependencies": {
        "fsevents": "2.3.2"
      }
    },
    "node_modules/playwright-core": {
      "version": "1.56.1",
      "resolved": "https://registry.npmjs.org/playwright-core/-/playwright-core-1.56.1.tgz",
      "integrity": "sha512-hutraynyn31F+Bifme+Ps9Vq59hKuUCz7H1kDOcBs+2oGguKkWTU50bBWrtz34OUWmIwpBTWDxaRPXrIXkgvmQ==",
      "dev": true,
      "license": "Apache-2.0",
      "bin": {
        "playwright-core": "cli.js"
      },
      "engines": {
        "node": ">=18"
      }
    }
  }
}
